
Microsoft Visual Studio Solution File, Format Version 12.00
# Visual Studio Version 17
VisualStudioVersion = 17.4.33213.308
MinimumVisualStudioVersion = 10.0.40219.1
Project("{FAE04EC0-301F-11D3-BF4B-00C04F79EFBC}") = "HasARelationship", "HasARelationship\HasARelationship.csproj", "{A8EEF32B-234C-407F-B49F-B2B2998A081B}"
EndProject
Global
	GlobalSection(SolutionConfigurationPlatforms) = preSolution
		Debug|Any CPU = Debug|Any CPU
		Release|Any CPU = Release|Any CPU
	EndGlobalSection
	GlobalSection(ProjectConfigurationPlatforms) = postSolution
		{A8EEF32B-234C-407F-B49F-B2B2998A081B}.Debug|Any CPU.ActiveCfg = Debug|Any CPU
		{A8EEF32B-234C-407F-B49F-B2B2998A081B}.Debug|Any CPU.Build.0 = Debug|Any CPU
		{A8EEF32B-234C-407F-B49F-B2B2998A081B}.Release|Any CPU.ActiveCfg = Release|Any CPU
		{A8EEF32B-234C-407F-B49F-B2B2998A081B}.Release|Any CPU.Build.0 = Release|Any CPU
	EndGlobalSection
	GlobalSection(SolutionProperties) = preSolution
		HideSolutionNode = FALSE
	EndGlobalSection
	GlobalSection(ExtensibilityGlobals) = postSolution
		SolutionGuid = {40E4DD1B-A92B-487E-A33E-3542633C0E02}
	EndGlobalSection
EndGlobal
